
Microsoft Visual Studio Solution File, Format Version 12.00
# Visual Studio Version 17
VisualStudioVersion = 17.12.35514.174
MinimumVisualStudioVersion = 10.0.40219.1
Project("{FAE04EC0-301F-11D3-BF4B-00C04F79EFBC}") = "Hackathon.HealthMed.Api", "Hackathon.HealthMed.Api\Hackathon.HealthMed.Api.csproj", "{C1E2D2D1-F465-463A-86B7-A4B4DD6D5BF0}"
	ProjectSection(ProjectDependencies) = postProject
		{07B84789-06C0-461A-90B4-C16B50A134DF} = {07B84789-06C0-461A-90B4-C16B50A134DF}
		{18EFFC13-4CF0-4E57-B8E2-9EE4D4CA468C} = {18EFFC13-4CF0-4E57-B8E2-9EE4D4CA468C}
	EndProjectSection
EndProject
Project("{FAE04EC0-301F-11D3-BF4B-00C04F79EFBC}") = "Hackathon.HealthMed.Application", "Hackathon.HealthMed.Application\Hackathon.HealthMed.Application.csproj", "{18EFFC13-4CF0-4E57-B8E2-9EE4D4CA468C}"
	ProjectSection(ProjectDependencies) = postProject
		{BAB51BFE-B6AB-4E79-8D6A-E219F20861E2} = {BAB51BFE-B6AB-4E79-8D6A-E219F20861E2}
	EndProjectSection
EndProject
Project("{FAE04EC0-301F-11D3-BF4B-00C04F79EFBC}") = "Hackathon.HealthMed.Domain", "Hackathon.HealthMed.Domain\Hackathon.HealthMed.Domain.csproj", "{AB345DB6-B04C-4895-BF2F-48D3B44CB5A6}"
EndProject
Project("{FAE04EC0-301F-11D3-BF4B-00C04F79EFBC}") = "Hackathon.HealthMed.Infra", "Hackathon.HealthMed.Infra\Hackathon.HealthMed.Infra.csproj", "{BAB51BFE-B6AB-4E79-8D6A-E219F20861E2}"
	ProjectSection(ProjectDependencies) = postProject
		{AB345DB6-B04C-4895-BF2F-48D3B44CB5A6} = {AB345DB6-B04C-4895-BF2F-48D3B44CB5A6}
	EndProjectSection
EndProject
Project("{FAE04EC0-301F-11D3-BF4B-00C04F79EFBC}") = "Hackathon.HealthMed.IoC", "Hackathon.HealthMed.IoC\Hackathon.HealthMed.IoC.csproj", "{07B84789-06C0-461A-90B4-C16B50A134DF}"
	ProjectSection(ProjectDependencies) = postProject
		{18EFFC13-4CF0-4E57-B8E2-9EE4D4CA468C} = {18EFFC13-4CF0-4E57-B8E2-9EE4D4CA468C}
		{AB345DB6-B04C-4895-BF2F-48D3B44CB5A6} = {AB345DB6-B04C-4895-BF2F-48D3B44CB5A6}
		{BAB51BFE-B6AB-4E79-8D6A-E219F20861E2} = {BAB51BFE-B6AB-4E79-8D6A-E219F20861E2}
	EndProjectSection
EndProject
Project("{2150E333-8FDC-42A3-9474-1A3956D46DE8}") = "Solution Items", "Solution Items", "{1E8AAF5B-4F50-4A56-8488-C819605F891A}"
	ProjectSection(SolutionItems) = preProject
		docker-compose.yml = docker-compose.yml
		test.runsettings = test.runsettings
	EndProjectSection
EndProject
Project("{FAE04EC0-301F-11D3-BF4B-00C04F79EFBC}") = "Hackathon.HealthMed.Tests.Unit", "Hackathon.HealthMed.Tests.Unit\Hackathon.HealthMed.Tests.Unit.csproj", "{383F6624-D721-40EB-9727-6A60530471F4}"
	ProjectSection(ProjectDependencies) = postProject
		{AB345DB6-B04C-4895-BF2F-48D3B44CB5A6} = {AB345DB6-B04C-4895-BF2F-48D3B44CB5A6}
		{C1E2D2D1-F465-463A-86B7-A4B4DD6D5BF0} = {C1E2D2D1-F465-463A-86B7-A4B4DD6D5BF0}
	EndProjectSection
EndProject
Project("{FAE04EC0-301F-11D3-BF4B-00C04F79EFBC}") = "Hackathon.HealthMed.Tests.Integration", "Hackathon.HealthMed.Tests.Integration\Hackathon.HealthMed.Tests.Integration.csproj", "{65359479-53E5-40A7-BC5B-8E11B54A972C}"
	ProjectSection(ProjectDependencies) = postProject
		{07B84789-06C0-461A-90B4-C16B50A134DF} = {07B84789-06C0-461A-90B4-C16B50A134DF}
		{18EFFC13-4CF0-4E57-B8E2-9EE4D4CA468C} = {18EFFC13-4CF0-4E57-B8E2-9EE4D4CA468C}
		{AB345DB6-B04C-4895-BF2F-48D3B44CB5A6} = {AB345DB6-B04C-4895-BF2F-48D3B44CB5A6}
		{C1E2D2D1-F465-463A-86B7-A4B4DD6D5BF0} = {C1E2D2D1-F465-463A-86B7-A4B4DD6D5BF0}
	EndProjectSection
EndProject
Project("{2150E333-8FDC-42A3-9474-1A3956D46DE8}") = "kubernetes", "kubernetes", "{CCCB9B4B-C1B9-4237-9252-C5345FCD74F5}"
	ProjectSection(SolutionItems) = preProject
		api-deployment.yaml = api-deployment.yaml
		grafana-deployment.yaml = grafana-deployment.yaml
		prometheus-deployment.yaml = prometheus-deployment.yaml
		redis-deployment.yaml = redis-deployment.yaml
		sqlserver-deployment.yaml = sqlserver-deployment.yaml
	EndProjectSection
EndProject
Project("{2150E333-8FDC-42A3-9474-1A3956D46DE8}") = ".github", ".github", "{52C7BFD3-9BC3-4D0D-A74D-CC191A78FE79}"
EndProject
Project("{2150E333-8FDC-42A3-9474-1A3956D46DE8}") = "workflows", "workflows", "{F792AA60-8F82-42B6-9C0B-9E458029C167}"
EndProject
Global
	GlobalSection(SolutionConfigurationPlatforms) = preSolution
		Debug|Any CPU = Debug|Any CPU
		Release|Any CPU = Release|Any CPU
	EndGlobalSection
	GlobalSection(ProjectConfigurationPlatforms) = postSolution
		{C1E2D2D1-F465-463A-86B7-A4B4DD6D5BF0}.Debug|Any CPU.ActiveCfg = Debug|Any CPU
		{C1E2D2D1-F465-463A-86B7-A4B4DD6D5BF0}.Debug|Any CPU.Build.0 = Debug|Any CPU
		{C1E2D2D1-F465-463A-86B7-A4B4DD6D5BF0}.Release|Any CPU.ActiveCfg = Release|Any CPU
		{C1E2D2D1-F465-463A-86B7-A4B4DD6D5BF0}.Release|Any CPU.Build.0 = Release|Any CPU
		{18EFFC13-4CF0-4E57-B8E2-9EE4D4CA468C}.Debug|Any CPU.ActiveCfg = Debug|Any CPU
		{18EFFC13-4CF0-4E57-B8E2-9EE4D4CA468C}.Debug|Any CPU.Build.0 = Debug|Any CPU
		{18EFFC13-4CF0-4E57-B8E2-9EE4D4CA468C}.Release|Any CPU.ActiveCfg = Release|Any CPU
		{18EFFC13-4CF0-4E57-B8E2-9EE4D4CA468C}.Release|Any CPU.Build.0 = Release|Any CPU
		{AB345DB6-B04C-4895-BF2F-48D3B44CB5A6}.Debug|Any CPU.ActiveCfg = Debug|Any CPU
		{AB345DB6-B04C-4895-BF2F-48D3B44CB5A6}.Debug|Any CPU.Build.0 = Debug|Any CPU
		{AB345DB6-B04C-4895-BF2F-48D3B44CB5A6}.Release|Any CPU.ActiveCfg = Release|Any CPU
		{AB345DB6-B04C-4895-BF2F-48D3B44CB5A6}.Release|Any CPU.Build.0 = Release|Any CPU
		{BAB51BFE-B6AB-4E79-8D6A-E219F20861E2}.Debug|Any CPU.ActiveCfg = Debug|Any CPU
		{BAB51BFE-B6AB-4E79-8D6A-E219F20861E2}.Debug|Any CPU.Build.0 = Debug|Any CPU
		{BAB51BFE-B6AB-4E79-8D6A-E219F20861E2}.Release|Any CPU.ActiveCfg = Release|Any CPU
		{BAB51BFE-B6AB-4E79-8D6A-E219F20861E2}.Release|Any CPU.Build.0 = Release|Any CPU
		{07B84789-06C0-461A-90B4-C16B50A134DF}.Debug|Any CPU.ActiveCfg = Debug|Any CPU
		{07B84789-06C0-461A-90B4-C16B50A134DF}.Debug|Any CPU.Build.0 = Debug|Any CPU
		{07B84789-06C0-461A-90B4-C16B50A134DF}.Release|Any CPU.ActiveCfg = Release|Any CPU
		{07B84789-06C0-461A-90B4-C16B50A134DF}.Release|Any CPU.Build.0 = Release|Any CPU
		{383F6624-D721-40EB-9727-6A60530471F4}.Debug|Any CPU.ActiveCfg = Debug|Any CPU
		{383F6624-D721-40EB-9727-6A60530471F4}.Debug|Any CPU.Build.0 = Debug|Any CPU
		{383F6624-D721-40EB-9727-6A60530471F4}.Release|Any CPU.ActiveCfg = Release|Any CPU
		{383F6624-D721-40EB-9727-6A60530471F4}.Release|Any CPU.Build.0 = Release|Any CPU
		{65359479-53E5-40A7-BC5B-8E11B54A972C}.Debug|Any CPU.ActiveCfg = Debug|Any CPU
		{65359479-53E5-40A7-BC5B-8E11B54A972C}.Debug|Any CPU.Build.0 = Debug|Any CPU
		{65359479-53E5-40A7-BC5B-8E11B54A972C}.Release|Any CPU.ActiveCfg = Release|Any CPU
		{65359479-53E5-40A7-BC5B-8E11B54A972C}.Release|Any CPU.Build.0 = Release|Any CPU
	EndGlobalSection
	GlobalSection(SolutionProperties) = preSolution
		HideSolutionNode = FALSE
	EndGlobalSection
	GlobalSection(NestedProjects) = preSolution
		{CCCB9B4B-C1B9-4237-9252-C5345FCD74F5} = {1E8AAF5B-4F50-4A56-8488-C819605F891A}
		{F792AA60-8F82-42B6-9C0B-9E458029C167} = {52C7BFD3-9BC3-4D0D-A74D-CC191A78FE79}
	EndGlobalSection
EndGlobal
